Microsoft Visual Studio Solution File, Format Version 12.00
# 17
VisualStudioVersion = 17.11.35312.102
MinimumVisualStudioVersion = 10.0.40219.1
Project("{2150E333-8FDC-42A3-9474-1A3956D46DE8}") = "src", "src", "{6035647F-D268-472C-9EE3-F43AE84C64E8}"
EndProject
Project("{2150E333-8FDC-42A3-9474-1A3956D46DE8}") = "tests", "tests", "{6C6582D7-75F4-4D78-9D05-D3735A3E6080}"
EndProject
Project("{2150E333-8FDC-42A3-9474-1A3956D46DE8}") = "solution-items", "solution-items", "{B277C425-6479-4256-B184-B52F13BC6F79}"
	ProjectSection(SolutionItems) = preProject
		.dockerignore = .dockerignore
		.gitattributes = .gitattributes
		.gitignore = .gitignore
		azure-pipelines.yml = azure-pipelines.yml
		CHANGELOG.md = CHANGELOG.md
		common.props = common.props
		configureawait.props = configureawait.props
		Directory.Build.props = Directory.Build.props
		GitVersion.yml = GitVersion.yml
		GlobalAssemblyInfo.cs = GlobalAssemblyInfo.cs
		LICENSE.md = LICENSE.md
		NuGet.Config = NuGet.Config
		README.md = README.md
		updateVersions.cmd = updateVersions.cmd
	EndProjectSection
EndProject
Project("{2150E333-8FDC-42A3-9474-1A3956D46DE8}") = "sgnom", "sgnom", "{71456EE0-4771-4197-B5CA-206112CEB3EF}"
EndProject
Project("{2150E333-8FDC-42A3-9474-1A3956D46DE8}") = "core", "core", "{EEABB835-4C0E-44B8-BF3A-C85DAEB64914}"
EndProject
Project("{9A19103F-16F7-4668-BE54-9A1E7A4F7556}") = "Kontecg.Core", "src\Kontecg.Core\Kontecg.Core.csproj", "{46B80D87-A50E-444D-8804-4B0125A25445}"
EndProject
Project("{9A19103F-16F7-4668-BE54-9A1E7A4F7556}") = "Kontecg.Data", "src\Kontecg.Data\Kontecg.Data.csproj", "{7AB2DA05-2387-4E5D-9DB1-3527371B5FC3}"
EndProject
Project("{9A19103F-16F7-4668-BE54-9A1E7A4F7556}") = "Kontecg.Images", "src\Kontecg.Images\Kontecg.Images.csproj", "{170224AC-2773-4C90-80B2-3128DACDF835}"
EndProject
Project("{9A19103F-16F7-4668-BE54-9A1E7A4F7556}") = "Kontecg.Services", "src\Kontecg.Services\Kontecg.Services.csproj", "{33E416D2-E910-468E-AD76-2E03EE1AEE1F}"
EndProject
Project("{9A19103F-16F7-4668-BE54-9A1E7A4F7556}") = "Kontecg.Launcher", "src\Kontecg.Launcher\Kontecg.Launcher.csproj", "{461A9005-DA1D-4E09-97A5-E6E9951401FA}"
EndProject
Project("{9A19103F-16F7-4668-BE54-9A1E7A4F7556}") = "Kontecg.Migrator", "src\Kontecg.Migrator\Kontecg.Migrator.csproj", "{4E1B5507-F975-45D4-9A8C-713FC33804D9}"
EndProject
Project("{9A19103F-16F7-4668-BE54-9A1E7A4F7556}") = "Kontecg.SGNOM.Core", "src\Kontecg.SGNOM.Core\Kontecg.SGNOM.Core.csproj", "{134D9FC4-8B6E-418F-AC2C-C866ED7F690A}"
EndProject
Project("{9A19103F-16F7-4668-BE54-9A1E7A4F7556}") = "Kontecg.SGNOM.Data", "src\Kontecg.SGNOM.Data\Kontecg.SGNOM.Data.csproj", "{C4AD870C-CEA6-4528-B416-93A6395E3BF8}"
EndProject
Project("{9A19103F-16F7-4668-BE54-9A1E7A4F7556}") = "Kontecg.WinForms", "src\Kontecg.WinForms\Kontecg.WinForms.csproj", "{D0747DC0-4414-400A-9EB8-A528198FCD9E}"
EndProject
Project("{9A19103F-16F7-4668-BE54-9A1E7A4F7556}") = "Kontecg.SGNOM.Services", "src\Kontecg.SGNOM.Services\Kontecg.SGNOM.Services.csproj", "{3B6E63E8-AE3E-4ED5-BF92-C2EC43D69A94}"
EndProject
Project("{9A19103F-16F7-4668-BE54-9A1E7A4F7556}") = "Kontecg.SGNOM.Presentation", "src\Kontecg.SGNOM.Presentation\Kontecg.SGNOM.Presentation.csproj", "{4D5D79B5-6414-4AC9-A0FB-213B08BAD599}"
EndProject
Project("{9A19103F-16F7-4668-BE54-9A1E7A4F7556}") = "Kontecg.Desktop.Tests", "tests\Kontecg.Desktop.Tests\Kontecg.Desktop.Tests.csproj", "{35FB8716-C6C3-4395-86E7-1D438AA043E4}"
EndProject
Project("{9A19103F-16F7-4668-BE54-9A1E7A4F7556}") = "Kontecg.SGNOM.Tests", "tests\Kontecg.SGNOM.Tests\Kontecg.SGNOM.Tests.csproj", "{37D6948F-A483-430B-B02E-713BE89C4D29}"
EndProject
Project("{9A19103F-16F7-4668-BE54-9A1E7A4F7556}") = "Kontecg.SampleApp", "tests\Kontecg.SampleApp\Kontecg.SampleApp.csproj", "{42D4F9A8-1004-4044-88CE-148AFBD898C8}"
EndProject
Project("{2150E333-8FDC-42A3-9474-1A3956D46DE8}") = "server", "server", "{E3341CF7-F2F6-4B92-8B90-E9A8EF2FD205}"
EndProject
Project("{9A19103F-16F7-4668-BE54-9A1E7A4F7556}") = "Kontecg.Sync", "src\Kontecg.Sync\Kontecg.Sync.csproj", "{CB957CCD-C4E0-4470-807B-5673BFEFED8B}"
EndProject
Project("{9A19103F-16F7-4668-BE54-9A1E7A4F7556}") = "ca", "tools\ca\ca.csproj", "{888A235E-51C4-4A62-87BB-A7F8484CEAE1}"
EndProject
Project("{FAE04EC0-301F-11D3-BF4B-00C04F79EFBC}") = "FormulaEditor", "tools\FormulaEditor\FormulaEditor.csproj", "{64B43504-D365-4BF3-8520-F11579D5B391}"
EndProject
Global
	GlobalSection(SolutionConfigurationPlatforms) = preSolution
		Debug|Any CPU = Debug|Any CPU
		Release|Any CPU = Release|Any CPU
	EndGlobalSection
	GlobalSection(ProjectConfigurationPlatforms) = postSolution
		{46B80D87-A50E-444D-8804-4B0125A25445}.Debug|Any CPU.ActiveCfg = Debug|Any CPU
		{46B80D87-A50E-444D-8804-4B0125A25445}.Debug|Any CPU.Build.0 = Debug|Any CPU
		{46B80D87-A50E-444D-8804-4B0125A25445}.Release|Any CPU.ActiveCfg = Release|Any CPU
		{46B80D87-A50E-444D-8804-4B0125A25445}.Release|Any CPU.Build.0 = Release|Any CPU
		{7AB2DA05-2387-4E5D-9DB1-3527371B5FC3}.Debug|Any CPU.ActiveCfg = Debug|Any CPU
		{7AB2DA05-2387-4E5D-9DB1-3527371B5FC3}.Debug|Any CPU.Build.0 = Debug|Any CPU
		{7AB2DA05-2387-4E5D-9DB1-3527371B5FC3}.Release|Any CPU.ActiveCfg = Release|Any CPU
		{7AB2DA05-2387-4E5D-9DB1-3527371B5FC3}.Release|Any CPU.Build.0 = Release|Any CPU
		{170224AC-2773-4C90-80B2-3128DACDF835}.Debug|Any CPU.ActiveCfg = Debug|Any CPU
		{170224AC-2773-4C90-80B2-3128DACDF835}.Debug|Any CPU.Build.0 = Debug|Any CPU
		{170224AC-2773-4C90-80B2-3128DACDF835}.Release|Any CPU.ActiveCfg = Release|Any CPU
		{170224AC-2773-4C90-80B2-3128DACDF835}.Release|Any CPU.Build.0 = Release|Any CPU
		{33E416D2-E910-468E-AD76-2E03EE1AEE1F}.Debug|Any CPU.ActiveCfg = Debug|Any CPU
		{33E416D2-E910-468E-AD76-2E03EE1AEE1F}.Debug|Any CPU.Build.0 = Debug|Any CPU
		{33E416D2-E910-468E-AD76-2E03EE1AEE1F}.Release|Any CPU.ActiveCfg = Release|Any CPU
		{33E416D2-E910-468E-AD76-2E03EE1AEE1F}.Release|Any CPU.Build.0 = Release|Any CPU
		{461A9005-DA1D-4E09-97A5-E6E9951401FA}.Debug|Any CPU.ActiveCfg = Debug|Any CPU
		{461A9005-DA1D-4E09-97A5-E6E9951401FA}.Debug|Any CPU.Build.0 = Debug|Any CPU
		{461A9005-DA1D-4E09-97A5-E6E9951401FA}.Release|Any CPU.ActiveCfg = Release|Any CPU
		{461A9005-DA1D-4E09-97A5-E6E9951401FA}.Release|Any CPU.Build.0 = Release|Any CPU
		{4E1B5507-F975-45D4-9A8C-713FC33804D9}.Debug|Any CPU.ActiveCfg = Debug|Any CPU
		{4E1B5507-F975-45D4-9A8C-713FC33804D9}.Debug|Any CPU.Build.0 = Debug|Any CPU
		{4E1B5507-F975-45D4-9A8C-713FC33804D9}.Release|Any CPU.ActiveCfg = Release|Any CPU
		{4E1B5507-F975-45D4-9A8C-713FC33804D9}.Release|Any CPU.Build.0 = Release|Any CPU
		{134D9FC4-8B6E-418F-AC2C-C866ED7F690A}.Debug|Any CPU.ActiveCfg = Debug|Any CPU
		{134D9FC4-8B6E-418F-AC2C-C866ED7F690A}.Debug|Any CPU.Build.0 = Debug|Any CPU
		{134D9FC4-8B6E-418F-AC2C-C866ED7F690A}.Release|Any CPU.ActiveCfg = Release|Any CPU
		{134D9FC4-8B6E-418F-AC2C-C866ED7F690A}.Release|Any CPU.Build.0 = Release|Any CPU
		{C4AD870C-CEA6-4528-B416-93A6395E3BF8}.Debug|Any CPU.ActiveCfg = Debug|Any CPU
		{C4AD870C-CEA6-4528-B416-93A6395E3BF8}.Debug|Any CPU.Build.0 = Debug|Any CPU
		{C4AD870C-CEA6-4528-B416-93A6395E3BF8}.Release|Any CPU.ActiveCfg = Release|Any CPU
		{C4AD870C-CEA6-4528-B416-93A6395E3BF8}.Release|Any CPU.Build.0 = Release|Any CPU
		{D0747DC0-4414-400A-9EB8-A528198FCD9E}.Debug|Any CPU.ActiveCfg = Debug|Any CPU
		{D0747DC0-4414-400A-9EB8-A528198FCD9E}.Debug|Any CPU.Build.0 = Debug|Any CPU
		{D0747DC0-4414-400A-9EB8-A528198FCD9E}.Release|Any CPU.ActiveCfg = Release|Any CPU
		{D0747DC0-4414-400A-9EB8-A528198FCD9E}.Release|Any CPU.Build.0 = Release|Any CPU
		{3B6E63E8-AE3E-4ED5-BF92-C2EC43D69A94}.Debug|Any CPU.ActiveCfg = Debug|Any CPU
		{3B6E63E8-AE3E-4ED5-BF92-C2EC43D69A94}.Debug|Any CPU.Build.0 = Debug|Any CPU
		{3B6E63E8-AE3E-4ED5-BF92-C2EC43D69A94}.Release|Any CPU.ActiveCfg = Release|Any CPU
		{3B6E63E8-AE3E-4ED5-BF92-C2EC43D69A94}.Release|Any CPU.Build.0 = Release|Any CPU
		{4D5D79B5-6414-4AC9-A0FB-213B08BAD599}.Debug|Any CPU.ActiveCfg = Debug|Any CPU
		{4D5D79B5-6414-4AC9-A0FB-213B08BAD599}.Debug|Any CPU.Build.0 = Debug|Any CPU
		{4D5D79B5-6414-4AC9-A0FB-213B08BAD599}.Release|Any CPU.ActiveCfg = Release|Any CPU
		{4D5D79B5-6414-4AC9-A0FB-213B08BAD599}.Release|Any CPU.Build.0 = Release|Any CPU
		{35FB8716-C6C3-4395-86E7-1D438AA043E4}.Debug|Any CPU.ActiveCfg = Debug|Any CPU
		{35FB8716-C6C3-4395-86E7-1D438AA043E4}.Debug|Any CPU.Build.0 = Debug|Any CPU
		{35FB8716-C6C3-4395-86E7-1D438AA043E4}.Release|Any CPU.ActiveCfg = Release|Any CPU
		{35FB8716-C6C3-4395-86E7-1D438AA043E4}.Release|Any CPU.Build.0 = Release|Any CPU
		{37D6948F-A483-430B-B02E-713BE89C4D29}.Debug|Any CPU.ActiveCfg = Debug|Any CPU
		{37D6948F-A483-430B-B02E-713BE89C4D29}.Debug|Any CPU.Build.0 = Debug|Any CPU
		{37D6948F-A483-430B-B02E-713BE89C4D29}.Release|Any CPU.ActiveCfg = Release|Any CPU
		{37D6948F-A483-430B-B02E-713BE89C4D29}.Release|Any CPU.Build.0 = Release|Any CPU
		{42D4F9A8-1004-4044-88CE-148AFBD898C8}.Debug|Any CPU.ActiveCfg = Debug|Any CPU
		{42D4F9A8-1004-4044-88CE-148AFBD898C8}.Debug|Any CPU.Build.0 = Debug|Any CPU
		{42D4F9A8-1004-4044-88CE-148AFBD898C8}.Release|Any CPU.ActiveCfg = Release|Any CPU
		{42D4F9A8-1004-4044-88CE-148AFBD898C8}.Release|Any CPU.Build.0 = Release|Any CPU
		{CB957CCD-C4E0-4470-807B-5673BFEFED8B}.Debug|Any CPU.ActiveCfg = Debug|Any CPU
		{CB957CCD-C4E0-4470-807B-5673BFEFED8B}.Debug|Any CPU.Build.0 = Debug|Any CPU
		{CB957CCD-C4E0-4470-807B-5673BFEFED8B}.Release|Any CPU.ActiveCfg = Release|Any CPU
		{CB957CCD-C4E0-4470-807B-5673BFEFED8B}.Release|Any CPU.Build.0 = Release|Any CPU
		{888A235E-51C4-4A62-87BB-A7F8484CEAE1}.Debug|Any CPU.ActiveCfg = Debug|Any CPU
		{888A235E-51C4-4A62-87BB-A7F8484CEAE1}.Debug|Any CPU.Build.0 = Debug|Any CPU
		{888A235E-51C4-4A62-87BB-A7F8484CEAE1}.Release|Any CPU.ActiveCfg = Release|Any CPU
		{888A235E-51C4-4A62-87BB-A7F8484CEAE1}.Release|Any CPU.Build.0 = Release|Any CPU
		{64B43504-D365-4BF3-8520-F11579D5B391}.Debug|Any CPU.ActiveCfg = Debug|Any CPU
		{64B43504-D365-4BF3-8520-F11579D5B391}.Debug|Any CPU.Build.0 = Debug|Any CPU
		{64B43504-D365-4BF3-8520-F11579D5B391}.Release|Any CPU.ActiveCfg = Release|Any CPU
		{64B43504-D365-4BF3-8520-F11579D5B391}.Release|Any CPU.Build.0 = Release|Any CPU
	EndGlobalSection
	GlobalSection(SolutionProperties) = preSolution
		HideSolutionNode = FALSE
	EndGlobalSection
	GlobalSection(NestedProjects) = preSolution
		{71456EE0-4771-4197-B5CA-206112CEB3EF} = {6035647F-D268-472C-9EE3-F43AE84C64E8}
		{EEABB835-4C0E-44B8-BF3A-C85DAEB64914} = {6035647F-D268-472C-9EE3-F43AE84C64E8}
		{46B80D87-A50E-444D-8804-4B0125A25445} = {EEABB835-4C0E-44B8-BF3A-C85DAEB64914}
		{7AB2DA05-2387-4E5D-9DB1-3527371B5FC3} = {EEABB835-4C0E-44B8-BF3A-C85DAEB64914}
		{170224AC-2773-4C90-80B2-3128DACDF835} = {EEABB835-4C0E-44B8-BF3A-C85DAEB64914}
		{33E416D2-E910-468E-AD76-2E03EE1AEE1F} = {EEABB835-4C0E-44B8-BF3A-C85DAEB64914}
		{461A9005-DA1D-4E09-97A5-E6E9951401FA} = {EEABB835-4C0E-44B8-BF3A-C85DAEB64914}
		{4E1B5507-F975-45D4-9A8C-713FC33804D9} = {EEABB835-4C0E-44B8-BF3A-C85DAEB64914}
		{134D9FC4-8B6E-418F-AC2C-C866ED7F690A} = {71456EE0-4771-4197-B5CA-206112CEB3EF}
		{C4AD870C-CEA6-4528-B416-93A6395E3BF8} = {71456EE0-4771-4197-B5CA-206112CEB3EF}
		{D0747DC0-4414-400A-9EB8-A528198FCD9E} = {EEABB835-4C0E-44B8-BF3A-C85DAEB64914}
		{3B6E63E8-AE3E-4ED5-BF92-C2EC43D69A94} = {71456EE0-4771-4197-B5CA-206112CEB3EF}
		{4D5D79B5-6414-4AC9-A0FB-213B08BAD599} = {71456EE0-4771-4197-B5CA-206112CEB3EF}
		{35FB8716-C6C3-4395-86E7-1D438AA043E4} = {6C6582D7-75F4-4D78-9D05-D3735A3E6080}
		{37D6948F-A483-430B-B02E-713BE89C4D29} = {6C6582D7-75F4-4D78-9D05-D3735A3E6080}
		{42D4F9A8-1004-4044-88CE-148AFBD898C8} = {6C6582D7-75F4-4D78-9D05-D3735A3E6080}
		{E3341CF7-F2F6-4B92-8B90-E9A8EF2FD205} = {6035647F-D268-472C-9EE3-F43AE84C64E8}
		{CB957CCD-C4E0-4470-807B-5673BFEFED8B} = {E3341CF7-F2F6-4B92-8B90-E9A8EF2FD205}
		{888A235E-51C4-4A62-87BB-A7F8484CEAE1} = {6C6582D7-75F4-4D78-9D05-D3735A3E6080}
		{64B43504-D365-4BF3-8520-F11579D5B391} = {6C6582D7-75F4-4D78-9D05-D3735A3E6080}
	EndGlobalSection
	GlobalSection(ExtensibilityGlobals) = postSolution
		SolutionGuid = {BF68E8CB-C54E-4836-BE45-9AF6E69C673C}
	EndGlobalSection
EndGlobal
